# Generated requirements.lock for supaserch service
# Security-hardened: SHA256 hashes for reproducible installs
# Regenerate with: pip download -d /tmp/deps -r requirements.txt && python3 -c "import hashlib,os,glob,re; [print(f'{re.sub(r\"[-\\d\\.]+(whl|tar\\.gz)\",\"\",os.path.basename(f).replace(\"_\",\"-\"))}=={re.search(r\"-([\\d\\.]+)\",f).group(1)} --hash=sha256:{hashlib.sha256(open(f,\"rb\").read()).hexdigest()}') for f in sorted(glob.glob('/tmp/deps/*'))]"

# Direct dependencies
fastapi==0.124.4 --hash=sha256:6d1e703698443ccb89e50abe4893f3c84d9d6689c0cf1ca4fad6d3c15cf69f15
httpx==0.27.2 --hash=sha256:7bb2708e112d8fdd7829cd4243970f0c223274051cb35ee80c03301ee29a3df0
nats-py==2.8.0 --hash=sha256:e998dcacd711db3b90b469dcdd96c526cc56c421bad27be0f5f40e88005a7c44
prometheus-client==0.20.0 --hash=sha256:cde524a85bce83ca359cc837f28b8c0db5cac7aa653a588fd7e84ba061c329e7
python-dotenv==1.2.1 --hash=sha256:b81ee9561e9ca4004139c6cbba3a238c32b03e4894671e181b671e8cb8425d61
pyyaml==6.0.3 --hash=sha256:9c7708761fccb9397fe64bbc0395abcae8c4bf7b0eac081e12b809bf47700d0b
starlette>=0.40.0 --hash=sha256:9e5391843ec9b6e472eed1365a78c8098cfceb7a74bfd4d6b1c0c0095efb3bca
uvicorn[standard]==0.30.6 --hash=sha256:65fd46fe3fda5bdc1b03b94eb634923ff18cd35b2f084813ea79d1f103f711b5

# Transitive dependencies from uvicorn[standard]
annotated-doc==0.0.4 --hash=sha256:571ac1dc6991c450b25a9c2d84a3705e2ae7a53467b5d111c24fa8baabbed320
annotated-types==0.7.0 --hash=sha256:1f02e8b43a8fbbc3f3e0d4f0f4bfc8131bcb4eebe8849b8e5c773f3a1c582a53
anyio==4.12.1 --hash=sha256:d405828884fc140aa80a3c667b8beed277f1dfedec42ba031bd6ac3db606ab6c
certifi==2026.1.4 --hash=sha256:9943707519e4add1115f44c2bc244f782c0249876bf51b6599fee1ffbedd685c
click==8.3.1 --hash=sha256:981153a64e25f12d547d3426c367a4857371575ee7ad18df2a6183ab0545b2a6
exceptiongroup==1.3.1 --hash=sha256:a7a39a3bd276781e98394987d3a5701d0c4edffb633bb7a5144577f82c773598
h11==0.16.0 --hash=sha256:63cf8bbe7522de3bf65932fda1d9c2772064ffb3dae62d55932da54b31cb6c86
httpcore==1.0.9 --hash=sha256:2d400746a40668fc9dec9810239072b40b4484b640a8c38fd654a024c7a1bf55
httptools==0.7.1 --hash=sha256:c8c751014e13d88d2be5f5f14fc8b89612fcfa92a9cc480f2bc1598357a23a05
idna==3.11 --hash=sha256:771a87f49d9defaf64091e6e6fe9c18d4833f140bd19464795bc32d966ca37ea
pydantic==2.12.5 --hash=sha256:e561593fccf61e8a20fc46dfc2dfe075b8be7d0188df33f221ad1f0139180f9d
pydantic-core==2.41.5 --hash=sha256:100baa204bb412b74fe285fb0f3a385256dad1d1879f0a5cb1499ed2e83d132a
sniffio==1.3.1 --hash=sha256:2f6da418d1f1e0fddd844478f41680e794e6051915791a034ff65e5f100525a2
typing-extensions==4.15.0 --hash=sha256:f0fa19c6845758ab08074a0cfa8b7aecb71c999ca73d62883bc25cc018c4e548
typing-inspection==0.4.2 --hash=sha256:4ed1cacbdc298c220f1bd249ed5287caa16f34d44ef4e9c3d0cbad5b521545e7
uvloop==0.22.1 --hash=sha256:481c990a7abe2c6f4fc3d98781cc9426ebd7f03a9aaa7eb03d3bfc68ac2a46bd
watchfiles==1.1.1 --hash=sha256:544364b2b51a9b0c7000a4b4b02f90e9423d97fbbf7e06689236443ebcad81ab
websockets==16.0 --hash=sha256:7d837379b647c0c4c2355c2499723f82f1635fd2c26510e1f587d89bc2199e72
